// !$*UTF8*$!
{
	archiveVersion = 1;
	classes = {
	};
	objectVersion = 56;
	objects = {

/* Begin PBXBuildFile section */
		BBF412F92BC4D79900926084 /* iTravelApp.swift in Sources */ = {isa = PBXBuildFile; fileRef = BBF412F82BC4D79900926084 /* iTravelApp.swift */; };
		BBF412FB2BC4D79900926084 /* ContentView.swift in Sources */ = {isa = PBXBuildFile; fileRef = BBF412FA2BC4D79900926084 /* ContentView.swift */; };
		BBF412FD2BC4D79A00926084 /* Assets.xcassets in Resources */ = {isa = PBXBuildFile; fileRef = BBF412FC2BC4D79A00926084 /* Assets.xcassets */; };
		BBF413002BC4D79A00926084 /* Preview Assets.xcassets in Resources */ = {isa = PBXBuildFile; fileRef = BBF412FF2BC4D79A00926084 /* Preview Assets.xcassets */; };
		BBF413092BC4D91D00926084 /* Sounds in Resources */ = {isa = PBXBuildFile; fileRef = BBF413082BC4D91D00926084 /* Sounds */; };
		BBF4130C2BC4D92B00926084 /* HoneymoonData.txt in Resources */ = {isa = PBXBuildFile; fileRef = BBF4130A2BC4D92B00926084 /* HoneymoonData.txt */; };
		BBF4130D2BC4D92B00926084 /* Credits.txt in Resources */ = {isa = PBXBuildFile; fileRef = BBF4130B2BC4D92B00926084 /* Credits.txt */; };
		BBF4130F2BC4D9C400926084 /* LaunchScreen.storyboard in Resources */ = {isa = PBXBuildFile; fileRef = BBF4130E2BC4D9C400926084 /* LaunchScreen.storyboard */; };
		BBF413132BC4DF7F00926084 /* TravelModel.swift in Sources */ = {isa = PBXBuildFile; fileRef = BBF413122BC4DF7F00926084 /* TravelModel.swift */; };
		BBF413152BC4DFBA00926084 /* TravelData.swift in Sources */ = {isa = PBXBuildFile; fileRef = BBF413142BC4DFBA00926084 /* TravelData.swift */; };
		BBF413172BC4E01500926084 /* CardView.swift in Sources */ = {isa = PBXBuildFile; fileRef = BBF413162BC4E01500926084 /* CardView.swift */; };
		BBF413192BC4E26200926084 /* HeaderView.swift in Sources */ = {isa = PBXBuildFile; fileRef = BBF413182BC4E26200926084 /* HeaderView.swift */; };
		BBF4131B2BC4E3C700926084 /* FooterView.swift in Sources */ = {isa = PBXBuildFile; fileRef = BBF4131A2BC4E3C700926084 /* FooterView.swift */; };
		BBF4131E2BC4E56600926084 /* HeaderComponent.swift in Sources */ = {isa = PBXBuildFile; fileRef = BBF4131D2BC4E56600926084 /* HeaderComponent.swift */; };
		BBF413202BC4E5DF00926084 /* GuideComponent.swift in Sources */ = {isa = PBXBuildFile; fileRef = BBF4131F2BC4E5DF00926084 /* GuideComponent.swift */; };
		BBF413222BC4E74000926084 /* GuideView.swift in Sources */ = {isa = PBXBuildFile; fileRef = BBF413212BC4E74000926084 /* GuideView.swift */; };
/* End PBXBuildFile section */

/* Begin PBXFileReference section */
		BBF412F52BC4D79900926084 /* iTravel.app */ = {isa = PBXFileReference; explicitFileType = wrapper.application; includeInIndex = 0; path = iTravel.app; sourceTree = BUILT_PRODUCTS_DIR; };
		BBF412F82BC4D79900926084 /* iTravelApp.swift */ = {isa = PBXFileReference; lastKnownFileType = sourcecode.swift; path = iTravelApp.swift; sourceTree = "<group>"; };
		BBF412FA2BC4D79900926084 /* ContentView.swift */ = {isa = PBXFileReference; lastKnownFileType = sourcecode.swift; path = ContentView.swift; sourceTree = "<group>"; };
		BBF412FC2BC4D79A00926084 /* Assets.xcassets */ = {isa = PBXFileReference; lastKnownFileType = folder.assetcatalog; path = Assets.xcassets; sourceTree = "<group>"; };
		BBF412FF2BC4D79A00926084 /* Preview Assets.xcassets */ = {isa = PBXFileReference; lastKnownFileType = folder.assetcatalog; path = "Preview Assets.xcassets"; sourceTree = "<group>"; };
		BBF413082BC4D91D00926084 /* Sounds */ = {isa = PBXFileReference; lastKnownFileType = folder; path = Sounds; sourceTree = "<group>"; };
		BBF4130A2BC4D92B00926084 /* HoneymoonData.txt */ = {isa = PBXFileReference; fileEncoding = 4; lastKnownFileType = text; path = HoneymoonData.txt; sourceTree = "<group>"; };
		BBF4130B2BC4D92B00926084 /* Credits.txt */ = {isa = PBXFileReference; fileEncoding = 4; lastKnownFileType = text; path = Credits.txt; sourceTree = "<group>"; };
		BBF4130E2BC4D9C400926084 /* LaunchScreen.storyboard */ = {isa = PBXFileReference; lastKnownFileType = file.storyboard; path = LaunchScreen.storyboard; sourceTree = "<group>"; };
		BBF413102BC4D9D200926084 /* Info.plist */ = {isa = PBXFileReference; lastKnownFileType = text.plist; path = Info.plist; sourceTree = "<group>"; };
		BBF413122BC4DF7F00926084 /* TravelModel.swift */ = {isa = PBXFileReference; lastKnownFileType = sourcecode.swift; path = TravelModel.swift; sourceTree = "<group>"; };
		BBF413142BC4DFBA00926084 /* TravelData.swift */ = {isa = PBXFileReference; lastKnownFileType = sourcecode.swift; path = TravelData.swift; sourceTree = "<group>"; };
		BBF413162BC4E01500926084 /* CardView.swift */ = {isa = PBXFileReference; lastKnownFileType = sourcecode.swift; path = CardView.swift; sourceTree = "<group>"; };
		BBF413182BC4E26200926084 /* HeaderView.swift */ = {isa = PBXFileReference; lastKnownFileType = sourcecode.swift; path = HeaderView.swift; sourceTree = "<group>"; };
		BBF4131A2BC4E3C700926084 /* FooterView.swift */ = {isa = PBXFileReference; lastKnownFileType = sourcecode.swift; path = FooterView.swift; sourceTree = "<group>"; };
		BBF4131D2BC4E56600926084 /* HeaderComponent.swift */ = {isa = PBXFileReference; lastKnownFileType = sourcecode.swift; path = HeaderComponent.swift; sourceTree = "<group>"; };
		BBF4131F2BC4E5DF00926084 /* GuideComponent.swift */ = {isa = PBXFileReference; lastKnownFileType = sourcecode.swift; path = GuideComponent.swift; sourceTree = "<group>"; };
		BBF413212BC4E74000926084 /* GuideView.swift */ = {isa = PBXFileReference; lastKnownFileType = sourcecode.swift; path = GuideView.swift; sourceTree = "<group>"; };
/* End PBXFileReference section */

/* Begin PBXFrameworksBuildPhase section */
		BBF412F22BC4D79900926084 /* Frameworks */ = {
			isa = PBXFrameworksBuildPhase;
			buildActionMask = 2147483647;
			files = (
			);
			runOnlyForDeploymentPostprocessing = 0;
		};
/* End PBXFrameworksBuildPhase section */

/* Begin PBXGroup section */
		BBF412EC2BC4D79900926084 = {
			isa = PBXGroup;
			children = (
				BBF412F72BC4D79900926084 /* iTravel */,
				BBF412F62BC4D79900926084 /* Products */,
			);
			sourceTree = "<group>";
		};
		BBF412F62BC4D79900926084 /* Products */ = {
			isa = PBXGroup;
			children = (
				BBF412F52BC4D79900926084 /* iTravel.app */,
			);
			name = Products;
			sourceTree = "<group>";
		};
		BBF412F72BC4D79900926084 /* iTravel */ = {
			isa = PBXGroup;
			children = (
				BBF413102BC4D9D200926084 /* Info.plist */,
				BBF4131C2BC4E55600926084 /* Component */,
				BBF413072BC4D88900926084 /* Views */,
				BBF413112BC4DF6C00926084 /* Model */,
				BBF413062BC4D88100926084 /* Data */,
				BBF412F82BC4D79900926084 /* iTravelApp.swift */,
				BBF412FC2BC4D79A00926084 /* Assets.xcassets */,
				BBF412FE2BC4D79A00926084 /* Preview Content */,
				BBF4130E2BC4D9C400926084 /* LaunchScreen.storyboard */,
			);
			path = iTravel;
			sourceTree = "<group>";
		};
		BBF412FE2BC4D79A00926084 /* Preview Content */ = {
			isa = PBXGroup;
			children = (
				BBF412FF2BC4D79A00926084 /* Preview Assets.xcassets */,
			);
			path = "Preview Content";
			sourceTree = "<group>";
		};
		BBF413062BC4D88100926084 /* Data */ = {
			isa = PBXGroup;
			children = (
				BBF4130B2BC4D92B00926084 /* Credits.txt */,
				BBF4130A2BC4D92B00926084 /* HoneymoonData.txt */,
				BBF413082BC4D91D00926084 /* Sounds */,
			);
			path = Data;
			sourceTree = "<group>";
		};
		BBF413072BC4D88900926084 /* Views */ = {
			isa = PBXGroup;
			children = (
				BBF412FA2BC4D79900926084 /* ContentView.swift */,
				BBF413162BC4E01500926084 /* CardView.swift */,
				BBF413182BC4E26200926084 /* HeaderView.swift */,
				BBF4131A2BC4E3C700926084 /* FooterView.swift */,
				BBF413212BC4E74000926084 /* GuideView.swift */,
			);
			path = Views;
			sourceTree = "<group>";
		};
		BBF413112BC4DF6C00926084 /* Model */ = {
			isa = PBXGroup;
			children = (
				BBF413122BC4DF7F00926084 /* TravelModel.swift */,
				BBF413142BC4DFBA00926084 /* TravelData.swift */,
			);
			path = Model;
			sourceTree = "<group>";
		};
		BBF4131C2BC4E55600926084 /* Component */ = {
			isa = PBXGroup;
			children = (
				BBF4131D2BC4E56600926084 /* HeaderComponent.swift */,
				BBF4131F2BC4E5DF00926084 /* GuideComponent.swift */,
			);
			path = Component;
			sourceTree = "<group>";
		};
/* End PBXGroup section */

/* Begin PBXNativeTarget section */
		BBF412F42BC4D79900926084 /* iTravel */ = {
			isa = PBXNativeTarget;
			buildConfigurationList = BBF413032BC4D79A00926084 /* Build configuration list for PBXNativeTarget "iTravel" */;
			buildPhases = (
				BBF412F12BC4D79900926084 /* Sources */,
				BBF412F22BC4D79900926084 /* Frameworks */,
				BBF412F32BC4D79900926084 /* Resources */,
			);
			buildRules = (
			);
			dependencies = (
			);
			name = iTravel;
			productName = iTravel;
			productReference = BBF412F52BC4D79900926084 /* iTravel.app */;
			productType = "com.apple.product-type.application";
		};
/* End PBXNativeTarget section */

/* Begin PBXProject section */
		BBF412ED2BC4D79900926084 /* Project object */ = {
			isa = PBXProject;
			attributes = {
				BuildIndependentTargetsInParallel = 1;
				LastSwiftUpdateCheck = 1520;
				LastUpgradeCheck = 1520;
				TargetAttributes = {
					BBF412F42BC4D79900926084 = {
						CreatedOnToolsVersion = 15.2;
					};
				};
			};
			buildConfigurationList = BBF412F02BC4D79900926084 /* Build configuration list for PBXProject "iTravel" */;
			compatibilityVersion = "Xcode 14.0";
			developmentRegion = en;
			hasScannedForEncodings = 0;
			knownRegions = (
				en,
				Base,
			);
			mainGroup = BBF412EC2BC4D79900926084;
			productRefGroup = BBF412F62BC4D79900926084 /* Products */;
			projectDirPath = "";
			projectRoot = "";
			targets = (
				BBF412F42BC4D79900926084 /* iTravel */,
			);
		};
/* End PBXProject section */

/* Begin PBXResourcesBuildPhase section */
		BBF412F32BC4D79900926084 /* Resources */ = {
			isa = PBXResourcesBuildPhase;
			buildActionMask = 2147483647;
			files = (
				BBF4130D2BC4D92B00926084 /* Credits.txt in Resources */,
				BBF413092BC4D91D00926084 /* Sounds in Resources */,
				BBF4130C2BC4D92B00926084 /* HoneymoonData.txt in Resources */,
				BBF4130F2BC4D9C400926084 /* LaunchScreen.storyboard in Resources */,
				BBF413002BC4D79A00926084 /* Preview Assets.xcassets in Resources */,
				BBF412FD2BC4D79A00926084 /* Assets.xcassets in Resources */,
			);
			runOnlyForDeploymentPostprocessing = 0;
		};
/* End PBXResourcesBuildPhase section */

/* Begin PBXSourcesBuildPhase section */
		BBF412F12BC4D79900926084 /* Sources */ = {
			isa = PBXSourcesBuildPhase;
			buildActionMask = 2147483647;
			files = (
				BBF413132BC4DF7F00926084 /* TravelModel.swift in Sources */,
				BBF4131B2BC4E3C700926084 /* FooterView.swift in Sources */,
				BBF413192BC4E26200926084 /* HeaderView.swift in Sources */,
				BBF412FB2BC4D79900926084 /* ContentView.swift in Sources */,
				BBF4131E2BC4E56600926084 /* HeaderComponent.swift in Sources */,
				BBF412F92BC4D79900926084 /* iTravelApp.swift in Sources */,
				BBF413152BC4DFBA00926084 /* TravelData.swift in Sources */,
				BBF413172BC4E01500926084 /* CardView.swift in Sources */,
				BBF413202BC4E5DF00926084 /* GuideComponent.swift in Sources */,
				BBF413222BC4E74000926084 /* GuideView.swift in Sources */,
			);
			runOnlyForDeploymentPostprocessing = 0;
		};
/* End PBXSourcesBuildPhase section */

/* Begin XCBuildConfiguration section */
		BBF413012BC4D79A00926084 /* Debug */ = {
			isa = XCBuildConfiguration;
			buildSettings = {
				ALWAYS_SEARCH_USER_PATHS = NO;
				ASSETCATALOG_COMPILER_GENERATE_SWIFT_ASSET_SYMBOL_EXTENSIONS = YES;
				CLANG_ANALYZER_NONNULL = YES;
				CLANG_ANALYZER_NUMBER_OBJECT_CONVERSION = YES_AGGRESSIVE;
				CLANG_CXX_LANGUAGE_STANDARD = "gnu++20";
				CLANG_ENABLE_MODULES = YES;
				CLANG_ENABLE_OBJC_ARC = YES;
				CLANG_ENABLE_OBJC_WEAK = YES;
				CLANG_WARN_BLOCK_CAPTURE_AUTORELEASING = YES;
				CLANG_WARN_BOOL_CONVERSION = YES;
				CLANG_WARN_COMMA = YES;
				CLANG_WARN_CONSTANT_CONVERSION = YES;
				CLANG_WARN_DEPRECATED_OBJC_IMPLEMENTATIONS = YES;
				CLANG_WARN_DIRECT_OBJC_ISA_USAGE = YES_ERROR;
				CLANG_WARN_DOCUMENTATION_COMMENTS = YES;
				CLANG_WARN_EMPTY_BODY = YES;
				CLANG_WARN_ENUM_CONVERSION = YES;
				CLANG_WARN_INFINITE_RECURSION = YES;
				CLANG_WARN_INT_CONVERSION = YES;
				CLANG_WARN_NON_LITERAL_NULL_CONVERSION = YES;
				CLANG_WARN_OBJC_IMPLICIT_RETAIN_SELF = YES;
				CLANG_WARN_OBJC_LITERAL_CONVERSION = YES;
				CLANG_WARN_OBJC_ROOT_CLASS = YES_ERROR;
				CLANG_WARN_QUOTED_INCLUDE_IN_FRAMEWORK_HEADER = YES;
				CLANG_WARN_RANGE_LOOP_ANALYSIS = YES;
				CLANG_WARN_STRICT_PROTOTYPES = YES;
				CLANG_WARN_SUSPICIOUS_MOVE = YES;
				CLANG_WARN_UNGUARDED_AVAILABILITY = YES_AGGRESSIVE;
				CLANG_WARN_UNREACHABLE_CODE = YES;
				CLANG_WARN__DUPLICATE_METHOD_MATCH = YES;
				COPY_PHASE_STRIP = NO;
				DEBUG_INFORMATION_FORMAT = dwarf;
				ENABLE_STRICT_OBJC_MSGSEND = YES;
				ENABLE_TESTABILITY = YES;
				ENABLE_USER_SCRIPT_SANDBOXING = YES;
				GCC_C_LANGUAGE_STANDARD = gnu17;
				GCC_DYNAMIC_NO_PIC = NO;
				GCC_NO_COMMON_BLOCKS = YES;
				GCC_OPTIMIZATION_LEVEL = 0;
				GCC_PREPROCESSOR_DEFINITIONS = (
					"DEBUG=1",
					"$(inherited)",
				);
				GCC_WARN_64_TO_32_BIT_CONVERSION = YES;
				GCC_WARN_ABOUT_RETURN_TYPE = YES_ERROR;
				GCC_WARN_UNDECLARED_SELECTOR = YES;
				GCC_WARN_UNINITIALIZED_AUTOS = YES_AGGRESSIVE;
				GCC_WARN_UNUSED_FUNCTION = YES;
				GCC_WARN_UNUSED_VARIABLE = YES;
				IPHONEOS_DEPLOYMENT_TARGET = 17.2;
				LOCALIZATION_PREFERS_STRING_CATALOGS = YES;
				MTL_ENABLE_DEBUG_INFO = INCLUDE_SOURCE;
				MTL_FAST_MATH = YES;
				ONLY_ACTIVE_ARCH = YES;
				SDKROOT = iphoneos;
				SWIFT_ACTIVE_COMPILATION_CONDITIONS = "DEBUG $(inherited)";
				SWIFT_OPTIMIZATION_LEVEL = "-Onone";
			};
			name = Debug;
		};
		BBF413022BC4D79A00926084 /* Release */ = {
			isa = XCBuildConfiguration;
			buildSettings = {
				ALWAYS_SEARCH_USER_PATHS = NO;
				ASSETCATALOG_COMPILER_GENERATE_SWIFT_ASSET_SYMBOL_EXTENSIONS = YES;
				CLANG_ANALYZER_NONNULL = YES;
				CLANG_ANALYZER_NUMBER_OBJECT_CONVERSION = YES_AGGRESSIVE;
				CLANG_CXX_LANGUAGE_STANDARD = "gnu++20";
				CLANG_ENABLE_MODULES = YES;
				CLANG_ENABLE_OBJC_ARC = YES;
				CLANG_ENABLE_OBJC_WEAK = YES;
				CLANG_WARN_BLOCK_CAPTURE_AUTORELEASING = YES;
				CLANG_WARN_BOOL_CONVERSION = YES;
				CLANG_WARN_COMMA = YES;
				CLANG_WARN_CONSTANT_CONVERSION = YES;
				CLANG_WARN_DEPRECATED_OBJC_IMPLEMENTATIONS = YES;
				CLANG_WARN_DIRECT_OBJC_ISA_USAGE = YES_ERROR;
				CLANG_WARN_DOCUMENTATION_COMMENTS = YES;
				CLANG_WARN_EMPTY_BODY = YES;
				CLANG_WARN_ENUM_CONVERSION = YES;
				CLANG_WARN_INFINITE_RECURSION = YES;
				CLANG_WARN_INT_CONVERSION = YES;
				CLANG_WARN_NON_LITERAL_NULL_CONVERSION = YES;
				CLANG_WARN_OBJC_IMPLICIT_RETAIN_SELF = YES;
				CLANG_WARN_OBJC_LITERAL_CONVERSION = YES;
				CLANG_WARN_OBJC_ROOT_CLASS = YES_ERROR;
				CLANG_WARN_QUOTED_INCLUDE_IN_FRAMEWORK_HEADER = YES;
				CLANG_WARN_RANGE_LOOP_ANALYSIS = YES;
				CLANG_WARN_STRICT_PROTOTYPES = YES;
				CLANG_WARN_SUSPICIOUS_MOVE = YES;
				CLANG_WARN_UNGUARDED_AVAILABILITY = YES_AGGRESSIVE;
				CLANG_WARN_UNREACHABLE_CODE = YES;
				CLANG_WARN__DUPLICATE_METHOD_MATCH = YES;
				COPY_PHASE_STRIP = NO;
				DEBUG_INFORMATION_FORMAT = "dwarf-with-dsym";
				ENABLE_NS_ASSERTIONS = NO;
				ENABLE_STRICT_OBJC_MSGSEND = YES;
				ENABLE_USER_SCRIPT_SANDBOXING = YES;
				GCC_C_LANGUAGE_STANDARD = gnu17;
				GCC_NO_COMMON_BLOCKS = YES;
				GCC_WARN_64_TO_32_BIT_CONVERSION = YES;
				GCC_WARN_ABOUT_RETURN_TYPE = YES_ERROR;
				GCC_WARN_UNDECLARED_SELECTOR = YES;
				GCC_WARN_UNINITIALIZED_AUTOS = YES_AGGRESSIVE;
				GCC_WARN_UNUSED_FUNCTION = YES;
				GCC_WARN_UNUSED_VARIABLE = YES;
				IPHONEOS_DEPLOYMENT_TARGET = 17.2;
				LOCALIZATION_PREFERS_STRING_CATALOGS = YES;
				MTL_ENABLE_DEBUG_INFO = NO;
				MTL_FAST_MATH = YES;
				SDKROOT = iphoneos;
				SWIFT_COMPILATION_MODE = wholemodule;
				VALIDATE_PRODUCT = YES;
			};
			name = Release;
		};
		BBF413042BC4D79A00926084 /* Debug */ = {
			isa = XCBuildConfiguration;
			buildSettings = {
				ASSETCATALOG_COMPILER_APPICON_NAME = AppIcon;
				ASSETCATALOG_COMPILER_GLOBAL_ACCENT_COLOR_NAME = AccentColor;
				CODE_SIGN_STYLE = Automatic;
				CURRENT_PROJECT_VERSION = 1;
				DEVELOPMENT_ASSET_PATHS = "\"iTravel/Preview Content\"";
				DEVELOPMENT_TEAM = PFSN649J32;
				ENABLE_PREVIEWS = YES;
				GENERATE_INFOPLIST_FILE = YES;
				INFOPLIST_FILE = iTravel/Info.plist;
				INFOPLIST_KEY_UIApplicationSceneManifest_Generation = YES;
				INFOPLIST_KEY_UIApplicationSupportsIndirectInputEvents = YES;
				INFOPLIST_KEY_UILaunchStoryboardName = "";
				INFOPLIST_KEY_UISupportedInterfaceOrientations = UIInterfaceOrientationPortrait;
				INFOPLIST_KEY_UISupportedInterfaceOrientations_iPad = "UIInterfaceOrientationPortrait UIInterfaceOrientationPortraitUpsideDown";
				LD_RUNPATH_SEARCH_PATHS = (
					"$(inherited)",
					"@executable_path/Frameworks",
				);
				MARKETING_VERSION = 1.0;
				PRODUCT_BUNDLE_IDENTIFIER = com.elfaael.iTravel;
				PRODUCT_NAME = "$(TARGET_NAME)";
				SWIFT_EMIT_LOC_STRINGS = YES;
				SWIFT_VERSION = 5.0;
				TARGETED_DEVICE_FAMILY = "1,2";
			};
			name = Debug;
		};
		BBF413052BC4D79A00926084 /* Release */ = {
			isa = XCBuildConfiguration;
			buildSettings = {
				ASSETCATALOG_COMPILER_APPICON_NAME = AppIcon;
				ASSETCATALOG_COMPILER_GLOBAL_ACCENT_COLOR_NAME = AccentColor;
				CODE_SIGN_STYLE = Automatic;
				CURRENT_PROJECT_VERSION = 1;
				DEVELOPMENT_ASSET_PATHS = "\"iTravel/Preview Content\"";
				DEVELOPMENT_TEAM = PFSN649J32;
				ENABLE_PREVIEWS = YES;
				GENERATE_INFOPLIST_FILE = YES;
				INFOPLIST_FILE = iTravel/Info.plist;
				INFOPLIST_KEY_UIApplicationSceneManifest_Generation = YES;
				INFOPLIST_KEY_UIApplicationSupportsIndirectInputEvents = YES;
				INFOPLIST_KEY_UILaunchStoryboardName = "";
				INFOPLIST_KEY_UISupportedInterfaceOrientations = UIInterfaceOrientationPortrait;
				INFOPLIST_KEY_UISupportedInterfaceOrientations_iPad = "UIInterfaceOrientationPortrait UIInterfaceOrientationPortraitUpsideDown";
				LD_RUNPATH_SEARCH_PATHS = (
					"$(inherited)",
					"@executable_path/Frameworks",
				);
				MARKETING_VERSION = 1.0;
				PRODUCT_BUNDLE_IDENTIFIER = com.elfaael.iTravel;
				PRODUCT_NAME = "$(TARGET_NAME)";
				SWIFT_EMIT_LOC_STRINGS = YES;
				SWIFT_VERSION = 5.0;
				TARGETED_DEVICE_FAMILY = "1,2";
			};
			name = Release;
		};
/* End XCBuildConfiguration section */

/* Begin XCConfigurationList section */
		BBF412F02BC4D79900926084 /* Build configuration list for PBXProject "iTravel" */ = {
			isa = XCConfigurationList;
			buildConfigurations = (
				BBF413012BC4D79A00926084 /* Debug */,
				BBF413022BC4D79A00926084 /* Release */,
			);
			defaultConfigurationIsVisible = 0;
			defaultConfigurationName = Release;
		};
		BBF413032BC4D79A00926084 /* Build configuration list for PBXNativeTarget "iTravel" */ = {
			isa = XCConfigurationList;
			buildConfigurations = (
				BBF413042BC4D79A00926084 /* Debug */,
				BBF413052BC4D79A00926084 /* Release */,
			);
			defaultConfigurationIsVisible = 0;
			defaultConfigurationName = Release;
		};
/* End XCConfigurationList section */
	};
	rootObject = BBF412ED2BC4D79900926084 /* Project object */;
}
